{
  "name": "@sebastianspeitel/request",
  "version": "0.0.1",
  "lockfileVersion": 2,
  "requires": true,
  "packages": {
    "": {
      "name": "@sebastianspeitel/request",
      "version": "0.0.1",
      "license": "AGPL-3.0",
      "devDependencies": {
        "typescript": "*"
      }
    },
    "node_modules/typescript": {
      "version": "4.3.0-dev.20210403",
      "resolved": "https://registry.npmjs.org/typescript/-/typescript-4.3.0-dev.20210403.tgz",
      "integrity": "sha512-FnzOpginIeZYd02JN6I5nE5a6+AA8P0KUdcJ5sVkLprFLtUNDZ99fq3pWg9F9Znvrq8RTbJJhkt7Ap5r4tURNw==",
      "dev": true,
      "bin": {
        "tsc": "bin/tsc",
        "tsserver": "bin/tsserver"
      },
      "engines": {
        "node": ">=4.2.0"
      }
    }
  },
  "dependencies": {
    "typescript": {
      "version": "4.3.0-dev.20210403",
      "resolved": "https://registry.npmjs.org/typescript/-/typescript-4.3.0-dev.20210403.tgz",
      "integrity": "sha512-FnzOpginIeZYd02JN6I5nE5a6+AA8P0KUdcJ5sVkLprFLtUNDZ99fq3pWg9F9Znvrq8RTbJJhkt7Ap5r4tURNw==",
      "dev": true
    }
  }
}
